
Microsoft Visual Studio Solution File, Format Version 12.00
# Visual Studio Version 16
VisualStudioVersion = 16.0.30611.23
MinimumVisualStudioVersion = 10.0.40219.1
Project("{FAE04EC0-301F-11D3-BF4B-00C04F79EFBC}") = "Skote", "Skote\Skote.csproj", "{CED7F998-8887-49DC-8188-CB8D9B9A460E}"
EndProject
Global
	GlobalSection(SolutionConfigurationPlatforms) = preSolution
		Debug|Any CPU = Debug|Any CPU
		Release|Any CPU = Release|Any CPU
	EndGlobalSection
	GlobalSection(ProjectConfigurationPlatforms) = postSolution
		{CED7F998-8887-49DC-8188-CB8D9B9A460E}.Debug|Any CPU.ActiveCfg = Debug|Any CPU
		{CED7F998-8887-49DC-8188-CB8D9B9A460E}.Debug|Any CPU.Build.0 = Debug|Any CPU
		{CED7F998-8887-49DC-8188-CB8D9B9A460E}.Release|Any CPU.ActiveCfg = Release|Any CPU
		{CED7F998-8887-49DC-8188-CB8D9B9A460E}.Release|Any CPU.Build.0 = Release|Any CPU
	EndGlobalSection
	GlobalSection(SolutionProperties) = preSolution
		HideSolutionNode = FALSE
	EndGlobalSection
	GlobalSection(ExtensibilityGlobals) = postSolution
		SolutionGuid = {03385518-9B19-4477-8766-286F04814176}
	EndGlobalSection
EndGlobal
